
Microsoft Visual Studio Solution File, Format Version 12.00
# Visual Studio 15
VisualStudioVersion = 15.0.27703.2035
MinimumVisualStudioVersion = 10.0.40219.1
Project("{FAE04EC0-301F-11D3-BF4B-00C04F79EFBC}") = "Passwords.Client", "Passwords.Client\Passwords.Client.csproj", "{0DB54607-4667-4731-8261-9BA8565FCE2E}"
EndProject
Global
	GlobalSection(SolutionConfigurationPlatforms) = preSolution
		Debug|Any CPU = Debug|Any CPU
		Release|Any CPU = Release|Any CPU
	EndGlobalSection
	GlobalSection(ProjectConfigurationPlatforms) = postSolution
		{0DB54607-4667-4731-8261-9BA8565FCE2E}.Debug|Any CPU.ActiveCfg = Debug|Any CPU
		{0DB54607-4667-4731-8261-9BA8565FCE2E}.Debug|Any CPU.Build.0 = Debug|Any CPU
		{0DB54607-4667-4731-8261-9BA8565FCE2E}.Release|Any CPU.ActiveCfg = Release|Any CPU
		{0DB54607-4667-4731-8261-9BA8565FCE2E}.Release|Any CPU.Build.0 = Release|Any CPU
	EndGlobalSection
	GlobalSection(SolutionProperties) = preSolution
		HideSolutionNode = FALSE
	EndGlobalSection
	GlobalSection(ExtensibilityGlobals) = postSolution
		SolutionGuid = {DE4180B2-B472-4E7E-B200-BAC7E0032ABF}
	EndGlobalSection
EndGlobal
